{
  "lockfile_version": "1",
  "packages": {
    "cabal-install@latest": {
      "last_modified": "2025-09-18T16:33:27Z",
      "resolved": "github:NixOS/nixpkgs/f4b140d5b253f5e2a1ff4e5506edbf8267724bde#cabal-install",
      "source": "devbox-search",
      "version": "3.14.2.0",
      "systems": {
        "aarch64-darwin": {
          "outputs": [
            {
              "name": "out",
              "path": "/nix/store/qvzhbr4sxh523mq4raflnkdgz1wxmm7g-cabal-install-3.14.2.0",
              "default": true
            }
          ],
          "store_path": "/nix/store/qvzhbr4sxh523mq4raflnkdgz1wxmm7g-cabal-install-3.14.2.0"
        },
        "aarch64-linux": {
          "outputs": [
            {
              "name": "out",
              "path": "/nix/store/bsnsjwxgw47pvrq961j5jy1j8q571xgp-cabal-install-3.14.2.0",
              "default": true
            }
          ],
          "store_path": "/nix/store/bsnsjwxgw47pvrq961j5jy1j8q571xgp-cabal-install-3.14.2.0"
        },
        "x86_64-darwin": {
          "outputs": [
            {
              "name": "out",
              "path": "/nix/store/pcfh1j7b8f3qjz2r7xmifldlv4q4k71q-cabal-install-3.14.2.0",
              "default": true
            }
          ],
          "store_path": "/nix/store/pcfh1j7b8f3qjz2r7xmifldlv4q4k71q-cabal-install-3.14.2.0"
        },
        "x86_64-linux": {
          "outputs": [
            {
              "name": "out",
              "path": "/nix/store/lxwbgncry15ippkbnazh14982yidbqz1-cabal-install-3.14.2.0",
              "default": true
            }
          ],
          "store_path": "/nix/store/lxwbgncry15ippkbnazh14982yidbqz1-cabal-install-3.14.2.0"
        }
      }
    },
    "ghc@9.8.4": {
      "last_modified": "2025-07-28T17:09:23Z",
      "plugin_version": "0.0.2",
      "resolved": "github:NixOS/nixpkgs/648f70160c03151bc2121d179291337ad6bc564b#ghc",
      "source": "devbox-search",
      "version": "9.8.4",
      "systems": {
        "aarch64-darwin": {
          "outputs": [
            {
              "name": "out",
              "path": "/nix/store/p146sfiq8vp8kv3fgrx48nsqqsvnn8j3-ghc-9.8.4",
              "default": true
            },
            {
              "name": "doc",
              "path": "/nix/store/nm0gqpkj2cb7whcjmdcmcdnsl8w6icq2-ghc-9.8.4-doc"
            }
          ],
          "store_path": "/nix/store/p146sfiq8vp8kv3fgrx48nsqqsvnn8j3-ghc-9.8.4"
        },
        "aarch64-linux": {
          "outputs": [
            {
              "name": "out",
              "path": "/nix/store/ahdwljfpjlqj4b0j6hwl36ymw80gqns2-ghc-9.8.4",
              "default": true
            },
            {
              "name": "doc",
              "path": "/nix/store/3v9bi2s0sm24z4s4pcbx95fkb4gnsm7l-ghc-9.8.4-doc"
            }
          ],
          "store_path": "/nix/store/ahdwljfpjlqj4b0j6hwl36ymw80gqns2-ghc-9.8.4"
        },
        "x86_64-darwin": {
          "outputs": [
            {
              "name": "out",
              "path": "/nix/store/2sdyh92klfvf4lfbz82jq7crxqkhn8ly-ghc-9.8.4",
              "default": true
            },
            {
              "name": "doc",
              "path": "/nix/store/g3iqj7pp6xp22bszwsys50997rbi1slq-ghc-9.8.4-doc"
            }
          ],
          "store_path": "/nix/store/2sdyh92klfvf4lfbz82jq7crxqkhn8ly-ghc-9.8.4"
        },
        "x86_64-linux": {
          "outputs": [
            {
              "name": "out",
              "path": "/nix/store/26v238sdw2c5vrkjmip1xp4bm1632f7a-ghc-9.8.4",
              "default": true
            },
            {
              "name": "doc",
              "path": "/nix/store/dnryl9ll852y1a2lkjvfr5d43mf3jqgg-ghc-9.8.4-doc"
            }
          ],
          "store_path": "/nix/store/26v238sdw2c5vrkjmip1xp4bm1632f7a-ghc-9.8.4"
        }
      }
    },
    "github:NixOS/nixpkgs/nixpkgs-unstable": {
      "last_modified": "2025-09-21T09:21:16Z",
      "resolved": "github:NixOS/nixpkgs/a1f79a1770d05af18111fbbe2a3ab2c42c0f6cd0?lastModified=1758446476&narHash=sha256-5rdAi7CTvM%2FkSs6fHe1bREIva5W3TbImsto%2BdxG4mBo%3D"
    },
    "haskell-language-server@latest": {
      "last_modified": "2025-09-18T16:33:27Z",
      "resolved": "github:NixOS/nixpkgs/f4b140d5b253f5e2a1ff4e5506edbf8267724bde#haskell-language-server",
      "source": "devbox-search",
      "version": "2.11.0.0",
      "systems": {
        "aarch64-darwin": {
          "outputs": [
            {
              "name": "out",
              "path": "/nix/store/9fadl9xv80yycdagsdjrk2pi2fm5wc82-haskell-language-server-2.11.0.0",
              "default": true
            }
          ],
          "store_path": "/nix/store/9fadl9xv80yycdagsdjrk2pi2fm5wc82-haskell-language-server-2.11.0.0"
        },
        "aarch64-linux": {
          "outputs": [
            {
              "name": "out",
              "path": "/nix/store/3aydr2fd9dqv45w3v718f67bdkgkszks-haskell-language-server-2.11.0.0",
              "default": true
            }
          ],
          "store_path": "/nix/store/3aydr2fd9dqv45w3v718f67bdkgkszks-haskell-language-server-2.11.0.0"
        },
        "x86_64-darwin": {
          "outputs": [
            {
              "name": "out",
              "path": "/nix/store/g8067byff2qz66wd6jb146q20yj61id1-haskell-language-server-2.11.0.0",
              "default": true
            }
          ],
          "store_path": "/nix/store/g8067byff2qz66wd6jb146q20yj61id1-haskell-language-server-2.11.0.0"
        },
        "x86_64-linux": {
          "outputs": [
            {
              "name": "out",
              "path": "/nix/store/szwhhlsmciwa6d5rc6wg98kzrgh0nbg1-haskell-language-server-2.11.0.0",
              "default": true
            }
          ],
          "store_path": "/nix/store/szwhhlsmciwa6d5rc6wg98kzrgh0nbg1-haskell-language-server-2.11.0.0"
        }
      }
    }
  }
}
